github.com/julienschmidt/httprouter v1.3.0 h1:U0609e9tgbseu3rBINet9P48AI/D3oJs4dN7jwJOQ1U=
github.com/julienschmidt/httprouter v1.3.0/go.mod h1:JR6WtHb+2LUe8TCKY3cZOxFyyO8IZAc4RVcycCCAKdM=
github.com/oschwald/maxminddb-golang v1.12.0 h1:9FnTOD0YOhP7DGxGsq4glzpGy5+w7pq50AS6wALUMYs=
github.com/oschwald/maxminddb-golang v1.12.0/go.mod h1:q0Nob5lTCqyQ8WT6FYgS1L7PXKVVbgiymefNwIjPzgY=
golang.org/x/sys v0.10.0 h1:SqMFp9UcQJZa+pmYuAKjd9xq1f0j5rLcDIk0mj4qAsA=
golang.org/x/sys v0.10.0/go.mod h1:oPkhp1MJrh7nUepCBck5+mAzfO9JrbApNNgaTdGDITg=
